
Microsoft Visual Studio Solution File, Format Version 12.00
# Visual Studio Version 17
VisualStudioVersion = 17.11.35312.102
MinimumVisualStudioVersion = 10.0.40219.1
Project("{FAE04EC0-301F-11D3-BF4B-00C04F79EFBC}") = "MvcMovie", "MvcMovie.csproj", "{A757975D-7EFC-4E68-A9D7-AC3D80DD0AA0}"
EndProject
Global
	GlobalSection(SolutionConfigurationPlatforms) = preSolution
		Debug|Any CPU = Debug|Any CPU
		Release|Any CPU = Release|Any CPU
	EndGlobalSection
	GlobalSection(ProjectConfigurationPlatforms) = postSolution
		{A757975D-7EFC-4E68-A9D7-AC3D80DD0AA0}.Debug|Any CPU.ActiveCfg = Debug|Any CPU
		{A757975D-7EFC-4E68-A9D7-AC3D80DD0AA0}.Debug|Any CPU.Build.0 = Debug|Any CPU
		{A757975D-7EFC-4E68-A9D7-AC3D80DD0AA0}.Release|Any CPU.ActiveCfg = Release|Any CPU
		{A757975D-7EFC-4E68-A9D7-AC3D80DD0AA0}.Release|Any CPU.Build.0 = Release|Any CPU
	EndGlobalSection
	GlobalSection(SolutionProperties) = preSolution
		HideSolutionNode = FALSE
	EndGlobalSection
	GlobalSection(ExtensibilityGlobals) = postSolution
		SolutionGuid = {FAA5DEA0-8356-49D0-8920-771A1E144D75}
	EndGlobalSection
EndGlobal
